{
	"name": "zotero-stream-server",
	"version": "0.1.0",
	"lockfileVersion": 1,
	"requires": true,
	"dependencies": {
		"bluebird": {
			"version": "2.11.0",
			"resolved": "https://registry.npmjs.org/bluebird/-/bluebird-2.11.0.tgz",
			"integrity": "sha1-U0uQM8AiyVecVro7Plpcqvu2UOE="
		},
		"chai": {
			"version": "1.10.0",
			"resolved": "https://registry.npmjs.org/chai/-/chai-1.10.0.tgz",
			"integrity": "sha1-5AMcyHZURhp1lD5aNatG6vOcHrk=",
			"dev": true
		},
		"config": {
			"version": "1.26.1",
			"resolved": "https://registry.npmjs.org/config/-/config-1.26.1.tgz",
			"integrity": "sha1-9kfOMsNF6AunOo6qeppLTlspDKE="
		},
		"denque": {
			"version": "1.5.0",
			"resolved": "https://registry.npmjs.org/denque/-/denque-1.5.0.tgz",
			"integrity": "sha512-CYiCSgIF1p6EUByQPlGkKnP1M9g0ZV3qMIrqMqZqdwazygIA/YP2vrbcyl1h/WppKJTdl1F85cXIle+394iDAQ=="
		},
		"findhit-proxywrap": {
			"version": "0.3.12",
			"resolved": "https://registry.npmjs.org/findhit-proxywrap/-/findhit-proxywrap-0.3.12.tgz",
			"integrity": "sha1-L0dJ+lned0BEJlR8ts9gwlat5JY="
		},
		"mocha": {
			"version": "2.5.3",
			"resolved": "https://registry.npmjs.org/mocha/-/mocha-2.5.3.tgz",
			"integrity": "sha1-FhvlvetJZ3HrmzV0UFC2IrWu/Fg=",
			"dev": true
		},
		"mockery": {
			"version": "1.7.0",
			"resolved": "https://registry.npmjs.org/mockery/-/mockery-1.7.0.tgz",
			"integrity": "sha1-9O3g2HUMHJcnwnLqLGBiniyaHE8=",
			"dev": true
		},
		"netmask": {
			"version": "1.0.6",
			"resolved": "https://registry.npmjs.org/netmask/-/netmask-1.0.6.tgz",
			"integrity": "sha1-ICl+idhvb2QA8lDZ9Pa0wZRfzTU="
		},
		"node-statsd": {
			"version": "0.1.1",
			"resolved": "https://registry.npmjs.org/node-statsd/-/node-statsd-0.1.1.tgz",
			"integrity": "sha1-J6WTSHY9CvegN6wqAx/vPwUQE9M="
		},
		"randomstring": {
			"version": "1.1.5",
			"resolved": "https://registry.npmjs.org/randomstring/-/randomstring-1.1.5.tgz",
			"integrity": "sha1-bfBij3XL1ZMpMNn+OrTpVqGFGMM="
		},
		"redis": {
			"version": "3.1.1",
			"resolved": "https://registry.npmjs.org/redis/-/redis-3.1.1.tgz",
			"integrity": "sha512-QhkKhOuzhogR1NDJfBD34TQJz2ZJwDhhIC6ZmvpftlmfYShHHQXjjNspAJ+Z2HH5NwSBVYBVganbiZ8bgFMHjg==",
			"requires": {
				"denque": "^1.5.0",
				"redis-commands": "^1.7.0",
				"redis-errors": "^1.2.0",
				"redis-parser": "^3.0.0"
			},
			"dependencies": {
				"redis-commands": {
					"version": "1.7.0",
					"resolved": "https://registry.npmjs.org/redis-commands/-/redis-commands-1.7.0.tgz",
					"integrity": "sha512-nJWqw3bTFy21hX/CPKHth6sfhZbdiHP6bTawSgQBlKOVRG7EZkfHbbHwQJnrE4vsQf0CMNE+3gJ4Fmm16vdVlQ=="
				},
				"redis-parser": {
					"version": "3.0.0",
					"resolved": "https://registry.npmjs.org/redis-parser/-/redis-parser-3.0.0.tgz",
					"integrity": "sha1-tm2CjNyv5rS4pCin3vTGvKwxyLQ=",
					"requires": {
						"redis-errors": "^1.0.0"
					}
				}
			}
		},
		"redis-errors": {
			"version": "1.2.0",
			"resolved": "https://registry.npmjs.org/redis-errors/-/redis-errors-1.2.0.tgz",
			"integrity": "sha1-62LSrbFeTq9GEMBK/hUpOEJQq60="
		},
		"request": {
			"version": "2.81.0",
			"resolved": "https://registry.npmjs.org/request/-/request-2.81.0.tgz",
			"integrity": "sha1-xpKJRqDgbF+Nb4qTM0af/aRimKA="
		},
		"sinon": {
			"version": "2.3.6",
			"resolved": "https://registry.npmjs.org/sinon/-/sinon-2.3.6.tgz",
			"integrity": "sha1-lTeOfg+XapcS6bRZH/WznnPcPd4=",
			"dev": true,
			"dependencies": {
				"diff": {
					"version": "3.2.0",
					"resolved": "https://registry.npmjs.org/diff/-/diff-3.2.0.tgz",
					"integrity": "sha1-yc45Okt8vQsFinJck98pkCeGj/k="
				},
				"type-detect": {
					"version": "4.0.3",
					"resolved": "https://registry.npmjs.org/type-detect/-/type-detect-4.0.3.tgz",
					"integrity": "sha1-Dj8mcLRAmbC0bChNE2p+9Jx0wuo="
				}
			}
		},
		"strftime": {
			"version": "0.10.0",
			"resolved": "https://registry.npmjs.org/strftime/-/strftime-0.10.0.tgz",
			"integrity": "sha1-s/D6QZKVICpaKJ9ta+n0kJphcZM="
		},
		"uws": {
			"version": "8.14.0",
			"resolved": "https://registry.npmjs.org/uws/-/uws-8.14.0.tgz",
			"integrity": "sha1-rMFIjRPssj/i+UKn6vsGaB+pFDE="
		},
		"ws": {
			"version": "3.0.0",
			"resolved": "https://registry.npmjs.org/ws/-/ws-3.0.0.tgz",
			"integrity": "sha1-mN2wAFbIOQy3Ued4h4hJf5kQO2w=",
			"dev": true,
			"dependencies": {
				"safe-buffer": {
					"version": "5.0.1",
					"resolved": "https://registry.npmjs.org/safe-buffer/-/safe-buffer-5.0.1.tgz",
					"integrity": "sha1-0mPKVGls2KMGtcplUekt5XkY++c="
				},
				"ultron": {
					"version": "1.1.0",
					"resolved": "https://registry.npmjs.org/ultron/-/ultron-1.1.0.tgz",
					"integrity": "sha1-sHoualQagV/Go0zNRTO67DB8qGQ="
				}
			}
		}
	}
}
